// !$*UTF8*$!
{
	archiveVersion = 1;
	classes = {
	};
	objectVersion = 51;
	objects = {

/* Begin PBXBuildFile section */
		2043E13226F9EA0B00FD3667 /* AppDelegate.swift in Sources */ = {isa = PBXBuildFile; fileRef = 2043E13126F9EA0B00FD3667 /* AppDelegate.swift */; };
		2043E13426F9EA0B00FD3667 /* SceneDelegate.swift in Sources */ = {isa = PBXBuildFile; fileRef = 2043E13326F9EA0B00FD3667 /* SceneDelegate.swift */; };
		2043E13626F9EA0B00FD3667 /* AllUsersViewController.swift in Sources */ = {isa = PBXBuildFile; fileRef = 2043E13526F9EA0B00FD3667 /* AllUsersViewController.swift */; };
		2043E13926F9EA0B00FD3667 /* Main.storyboard in Resources */ = {isa = PBXBuildFile; fileRef = 2043E13726F9EA0B00FD3667 /* Main.storyboard */; };
		2043E13B26F9EA0C00FD3667 /* Assets.xcassets in Resources */ = {isa = PBXBuildFile; fileRef = 2043E13A26F9EA0C00FD3667 /* Assets.xcassets */; };
		2043E13E26F9EA0C00FD3667 /* LaunchScreen.storyboard in Resources */ = {isa = PBXBuildFile; fileRef = 2043E13C26F9EA0C00FD3667 /* LaunchScreen.storyboard */; };
		2043E14926F9EA0C00FD3667 /* GH_AppTests.swift in Sources */ = {isa = PBXBuildFile; fileRef = 2043E14826F9EA0C00FD3667 /* GH_AppTests.swift */; };
		2043E15426F9EA0C00FD3667 /* GH_AppUITests.swift in Sources */ = {isa = PBXBuildFile; fileRef = 2043E15326F9EA0C00FD3667 /* GH_AppUITests.swift */; };
		2043E16426F9EA5800FD3667 /* AllUsersViewModel.swift in Sources */ = {isa = PBXBuildFile; fileRef = 2043E16326F9EA5800FD3667 /* AllUsersViewModel.swift */; };
		2043E16926F9EC2400FD3667 /* AllURLs.swift in Sources */ = {isa = PBXBuildFile; fileRef = 2043E16826F9EC2400FD3667 /* AllURLs.swift */; };
		2043E16C26F9EC7700FD3667 /* AllUsersStruct.swift in Sources */ = {isa = PBXBuildFile; fileRef = 2043E16B26F9EC7700FD3667 /* AllUsersStruct.swift */; };
		2043E16E26F9EC8200FD3667 /* UserStruct.swift in Sources */ = {isa = PBXBuildFile; fileRef = 2043E16D26F9EC8200FD3667 /* UserStruct.swift */; };
		2043E17226F9ECBD00FD3667 /* AllUsersLoader.swift in Sources */ = {isa = PBXBuildFile; fileRef = 2043E17126F9ECBD00FD3667 /* AllUsersLoader.swift */; };
		2043E17426F9ECC800FD3667 /* UserLoader.swift in Sources */ = {isa = PBXBuildFile; fileRef = 2043E17326F9ECC800FD3667 /* UserLoader.swift */; };
		2043E17726F9ED0900FD3667 /* UserViewModel.swift in Sources */ = {isa = PBXBuildFile; fileRef = 2043E17626F9ED0900FD3667 /* UserViewModel.swift */; };
		2043E17926F9ED1300FD3667 /* UserViewController.swift in Sources */ = {isa = PBXBuildFile; fileRef = 2043E17826F9ED1300FD3667 /* UserViewController.swift */; };
		2043E17B26F9ED4100FD3667 /* AllUsersTableViewCell.swift in Sources */ = {isa = PBXBuildFile; fileRef = 2043E17A26F9ED4100FD3667 /* AllUsersTableViewCell.swift */; };
		2043E17E26F9ED6D00FD3667 /* Main_VC_Alerts.swift in Sources */ = {isa = PBXBuildFile; fileRef = 2043E17D26F9ED6D00FD3667 /* Main_VC_Alerts.swift */; };
		2043E18026F9F7B000FD3667 /* UserReposTableViewCell.swift in Sources */ = {isa = PBXBuildFile; fileRef = 2043E17F26F9F7B000FD3667 /* UserReposTableViewCell.swift */; };
		206AAEB826FF15610003DD5E /* SearchUsersStruct.swift in Sources */ = {isa = PBXBuildFile; fileRef = 206AAEB726FF15610003DD5E /* SearchUsersStruct.swift */; };
		206AAEBA26FF15F60003DD5E /* SearchResultsLoader.swift in Sources */ = {isa = PBXBuildFile; fileRef = 206AAEB926FF15F60003DD5E /* SearchResultsLoader.swift */; };
		206AAEC0270706CE0003DD5E /* Formatter.swift in Sources */ = {isa = PBXBuildFile; fileRef = 206AAEBF270706CE0003DD5E /* Formatter.swift */; };
		2087884026FA1B4C00C09E9A /* RepoStruct.swift in Sources */ = {isa = PBXBuildFile; fileRef = 2087883F26FA1B4C00C09E9A /* RepoStruct.swift */; };
		2087888026FA210800C09E9A /* RepoLoader.swift in Sources */ = {isa = PBXBuildFile; fileRef = 2087887F26FA210800C09E9A /* RepoLoader.swift */; };
		2087888826FA259400C09E9A /* AllUsersObj.swift in Sources */ = {isa = PBXBuildFile; fileRef = 2087888726FA259400C09E9A /* AllUsersObj.swift */; };
		2087888E26FA25D300C09E9A /* SaveInfoToRealm.swift in Sources */ = {isa = PBXBuildFile; fileRef = 2087888D26FA25D300C09E9A /* SaveInfoToRealm.swift */; };
		2087889026FA25E700C09E9A /* RemoveOldInfo.swift in Sources */ = {isa = PBXBuildFile; fileRef = 2087888F26FA25E700C09E9A /* RemoveOldInfo.swift */; };
		2087889226FA260200C09E9A /* ReturnModelsDB.swift in Sources */ = {isa = PBXBuildFile; fileRef = 2087889126FA260200C09E9A /* ReturnModelsDB.swift */; };
		2087889726FA321200C09E9A /* AvatarLoader.swift in Sources */ = {isa = PBXBuildFile; fileRef = 2087889626FA321200C09E9A /* AvatarLoader.swift */; };
		20A9B166271C19B6003C4268 /* CheckDataBase.swift in Sources */ = {isa = PBXBuildFile; fileRef = 20A9B165271C19B6003C4268 /* CheckDataBase.swift */; };
		20A9B168271C1B8E003C4268 /* RxMotions.swift in Sources */ = {isa = PBXBuildFile; fileRef = 20A9B167271C1B8E003C4268 /* RxMotions.swift */; };
		20A9B16F271C29CF003C4268 /* CheckConnect.swift in Sources */ = {isa = PBXBuildFile; fileRef = 20A9B16E271C29CF003C4268 /* CheckConnect.swift */; };
		20A9B171271C2A27003C4268 /* ConnectionActions.swift in Sources */ = {isa = PBXBuildFile; fileRef = 20A9B170271C2A27003C4268 /* ConnectionActions.swift */; };
		95B915FF4CB556B6365FBB54 /* Pods_GH_App.framework in Frameworks */ = {isa = PBXBuildFile; fileRef = 8DFD9EE702A2A588CC5FC6BF /* Pods_GH_App.framework */; };
/* End PBXBuildFile section */

/* Begin PBXContainerItemProxy section */
		2043E14526F9EA0C00FD3667 /* PBXContainerItemProxy */ = {
			isa = PBXContainerItemProxy;
			containerPortal = 2043E12626F9EA0B00FD3667 /* Project object */;
			proxyType = 1;
			remoteGlobalIDString = 2043E12D26F9EA0B00FD3667;
			remoteInfo = GH_App;
		};
		2043E15026F9EA0C00FD3667 /* PBXContainerItemProxy */ = {
			isa = PBXContainerItemProxy;
			containerPortal = 2043E12626F9EA0B00FD3667 /* Project object */;
			proxyType = 1;
			remoteGlobalIDString = 2043E12D26F9EA0B00FD3667;
			remoteInfo = GH_App;
		};
/* End PBXContainerItemProxy section */

/* Begin PBXFileReference section */
		2043E12E26F9EA0B00FD3667 /* GH_App.app */ = {isa = PBXFileReference; explicitFileType = wrapper.application; includeInIndex = 0; path = GH_App.app; sourceTree = BUILT_PRODUCTS_DIR; };
		2043E13126F9EA0B00FD3667 /* AppDelegate.swift */ = {isa = PBXFileReference; lastKnownFileType = sourcecode.swift; path = AppDelegate.swift; sourceTree = "<group>"; };
		2043E13326F9EA0B00FD3667 /* SceneDelegate.swift */ = {isa = PBXFileReference; lastKnownFileType = sourcecode.swift; path = SceneDelegate.swift; sourceTree = "<group>"; };
		2043E13526F9EA0B00FD3667 /* AllUsersViewController.swift */ = {isa = PBXFileReference; lastKnownFileType = sourcecode.swift; path = AllUsersViewController.swift; sourceTree = "<group>"; };
		2043E13826F9EA0B00FD3667 /* Base */ = {isa = PBXFileReference; lastKnownFileType = file.storyboard; name = Base; path = Base.lproj/Main.storyboard; sourceTree = "<group>"; };
		2043E13A26F9EA0C00FD3667 /* Assets.xcassets */ = {isa = PBXFileReference; lastKnownFileType = folder.assetcatalog; path = Assets.xcassets; sourceTree = "<group>"; };
		2043E13D26F9EA0C00FD3667 /* Base */ = {isa = PBXFileReference; lastKnownFileType = file.storyboard; name = Base; path = Base.lproj/LaunchScreen.storyboard; sourceTree = "<group>"; };
		2043E13F26F9EA0C00FD3667 /* Info.plist */ = {isa = PBXFileReference; lastKnownFileType = text.plist.xml; path = Info.plist; sourceTree = "<group>"; };
		2043E14426F9EA0C00FD3667 /* GH_AppTests.xctest */ = {isa = PBXFileReference; explicitFileType = wrapper.cfbundle; includeInIndex = 0; path = GH_AppTests.xctest; sourceTree = BUILT_PRODUCTS_DIR; };
		2043E14826F9EA0C00FD3667 /* GH_AppTests.swift */ = {isa = PBXFileReference; lastKnownFileType = sourcecode.swift; path = GH_AppTests.swift; sourceTree = "<group>"; };
		2043E14A26F9EA0C00FD3667 /* Info.plist */ = {isa = PBXFileReference; lastKnownFileType = text.plist.xml; path = Info.plist; sourceTree = "<group>"; };
		2043E14F26F9EA0C00FD3667 /* GH_AppUITests.xctest */ = {isa = PBXFileReference; explicitFileType = wrapper.cfbundle; includeInIndex = 0; path = GH_AppUITests.xctest; sourceTree = BUILT_PRODUCTS_DIR; };
		2043E15326F9EA0C00FD3667 /* GH_AppUITests.swift */ = {isa = PBXFileReference; lastKnownFileType = sourcecode.swift; path = GH_AppUITests.swift; sourceTree = "<group>"; };
		2043E15526F9EA0C00FD3667 /* Info.plist */ = {isa = PBXFileReference; lastKnownFileType = text.plist.xml; path = Info.plist; sourceTree = "<group>"; };
		2043E16326F9EA5800FD3667 /* AllUsersViewModel.swift */ = {isa = PBXFileReference; lastKnownFileType = sourcecode.swift; path = AllUsersViewModel.swift; sourceTree = "<group>"; };
		2043E16826F9EC2400FD3667 /* AllURLs.swift */ = {isa = PBXFileReference; lastKnownFileType = sourcecode.swift; path = AllURLs.swift; sourceTree = "<group>"; };
		2043E16B26F9EC7700FD3667 /* AllUsersStruct.swift */ = {isa = PBXFileReference; lastKnownFileType = sourcecode.swift; path = AllUsersStruct.swift; sourceTree = "<group>"; };
		2043E16D26F9EC8200FD3667 /* UserStruct.swift */ = {isa = PBXFileReference; lastKnownFileType = sourcecode.swift; path = UserStruct.swift; sourceTree = "<group>"; };
		2043E17126F9ECBD00FD3667 /* AllUsersLoader.swift */ = {isa = PBXFileReference; lastKnownFileType = sourcecode.swift; path = AllUsersLoader.swift; sourceTree = "<group>"; };
		2043E17326F9ECC800FD3667 /* UserLoader.swift */ = {isa = PBXFileReference; lastKnownFileType = sourcecode.swift; path = UserLoader.swift; sourceTree = "<group>"; };
		2043E17626F9ED0900FD3667 /* UserViewModel.swift */ = {isa = PBXFileReference; lastKnownFileType = sourcecode.swift; path = UserViewModel.swift; sourceTree = "<group>"; };
		2043E17826F9ED1300FD3667 /* UserViewController.swift */ = {isa = PBXFileReference; lastKnownFileType = sourcecode.swift; path = UserViewController.swift; sourceTree = "<group>"; };
		2043E17A26F9ED4100FD3667 /* AllUsersTableViewCell.swift */ = {isa = PBXFileReference; lastKnownFileType = sourcecode.swift; path = AllUsersTableViewCell.swift; sourceTree = "<group>"; };
		2043E17D26F9ED6D00FD3667 /* Main_VC_Alerts.swift */ = {isa = PBXFileReference; lastKnownFileType = sourcecode.swift; path = Main_VC_Alerts.swift; sourceTree = "<group>"; };
		2043E17F26F9F7B000FD3667 /* UserReposTableViewCell.swift */ = {isa = PBXFileReference; lastKnownFileType = sourcecode.swift; path = UserReposTableViewCell.swift; sourceTree = "<group>"; };
		206AAEB726FF15610003DD5E /* SearchUsersStruct.swift */ = {isa = PBXFileReference; lastKnownFileType = sourcecode.swift; path = SearchUsersStruct.swift; sourceTree = "<group>"; };
		206AAEB926FF15F60003DD5E /* SearchResultsLoader.swift */ = {isa = PBXFileReference; lastKnownFileType = sourcecode.swift; path = SearchResultsLoader.swift; sourceTree = "<group>"; };
		206AAEBF270706CE0003DD5E /* Formatter.swift */ = {isa = PBXFileReference; lastKnownFileType = sourcecode.swift; path = Formatter.swift; sourceTree = "<group>"; };
		2087883F26FA1B4C00C09E9A /* RepoStruct.swift */ = {isa = PBXFileReference; lastKnownFileType = sourcecode.swift; path = RepoStruct.swift; sourceTree = "<group>"; };
		2087887F26FA210800C09E9A /* RepoLoader.swift */ = {isa = PBXFileReference; lastKnownFileType = sourcecode.swift; path = RepoLoader.swift; sourceTree = "<group>"; };
		2087888726FA259400C09E9A /* AllUsersObj.swift */ = {isa = PBXFileReference; lastKnownFileType = sourcecode.swift; path = AllUsersObj.swift; sourceTree = "<group>"; };
		2087888D26FA25D300C09E9A /* SaveInfoToRealm.swift */ = {isa = PBXFileReference; lastKnownFileType = sourcecode.swift; path = SaveInfoToRealm.swift; sourceTree = "<group>"; };
		2087888F26FA25E700C09E9A /* RemoveOldInfo.swift */ = {isa = PBXFileReference; lastKnownFileType = sourcecode.swift; path = RemoveOldInfo.swift; sourceTree = "<group>"; };
		2087889126FA260200C09E9A /* ReturnModelsDB.swift */ = {isa = PBXFileReference; lastKnownFileType = sourcecode.swift; path = ReturnModelsDB.swift; sourceTree = "<group>"; };
		2087889626FA321200C09E9A /* AvatarLoader.swift */ = {isa = PBXFileReference; lastKnownFileType = sourcecode.swift; path = AvatarLoader.swift; sourceTree = "<group>"; };
		20A9B165271C19B6003C4268 /* CheckDataBase.swift */ = {isa = PBXFileReference; lastKnownFileType = sourcecode.swift; path = CheckDataBase.swift; sourceTree = "<group>"; };
		20A9B167271C1B8E003C4268 /* RxMotions.swift */ = {isa = PBXFileReference; lastKnownFileType = sourcecode.swift; path = RxMotions.swift; sourceTree = "<group>"; };
		20A9B16E271C29CF003C4268 /* CheckConnect.swift */ = {isa = PBXFileReference; lastKnownFileType = sourcecode.swift; path = CheckConnect.swift; sourceTree = "<group>"; };
		20A9B170271C2A27003C4268 /* ConnectionActions.swift */ = {isa = PBXFileReference; lastKnownFileType = sourcecode.swift; path = ConnectionActions.swift; sourceTree = "<group>"; };
		753C00095681B8A0B89FA714 /* Pods-GH_App.debug.xcconfig */ = {isa = PBXFileReference; includeInIndex = 1; lastKnownFileType = text.xcconfig; name = "Pods-GH_App.debug.xcconfig"; path = "Target Support Files/Pods-GH_App/Pods-GH_App.debug.xcconfig"; sourceTree = "<group>"; };
		8DFD9EE702A2A588CC5FC6BF /* Pods_GH_App.framework */ = {isa = PBXFileReference; explicitFileType = wrapper.framework; includeInIndex = 0; path = Pods_GH_App.framework; sourceTree = BUILT_PRODUCTS_DIR; };
		F551BA2F9CBDBB27C5EF23A4 /* Pods-GH_App.release.xcconfig */ = {isa = PBXFileReference; includeInIndex = 1; lastKnownFileType = text.xcconfig; name = "Pods-GH_App.release.xcconfig"; path = "Target Support Files/Pods-GH_App/Pods-GH_App.release.xcconfig"; sourceTree = "<group>"; };
/* End PBXFileReference section */

/* Begin PBXFrameworksBuildPhase section */
		2043E12B26F9EA0B00FD3667 /* Frameworks */ = {
			isa = PBXFrameworksBuildPhase;
			buildActionMask = 2147483647;
			files = (
				95B915FF4CB556B6365FBB54 /* Pods_GH_App.framework in Frameworks */,
			);
			runOnlyForDeploymentPostprocessing = 0;
		};
		2043E14126F9EA0C00FD3667 /* Frameworks */ = {
			isa = PBXFrameworksBuildPhase;
			buildActionMask = 2147483647;
			files = (
			);
			runOnlyForDeploymentPostprocessing = 0;
		};
		2043E14C26F9EA0C00FD3667 /* Frameworks */ = {
			isa = PBXFrameworksBuildPhase;
			buildActionMask = 2147483647;
			files = (
			);
			runOnlyForDeploymentPostprocessing = 0;
		};
/* End PBXFrameworksBuildPhase section */

/* Begin PBXGroup section */
		186C7D1FC3C34EBA292DBB53 /* Frameworks */ = {
			isa = PBXGroup;
			children = (
				8DFD9EE702A2A588CC5FC6BF /* Pods_GH_App.framework */,
			);
			name = Frameworks;
			sourceTree = "<group>";
		};
		2043E12526F9EA0B00FD3667 = {
			isa = PBXGroup;
			children = (
				2043E13026F9EA0B00FD3667 /* GH_App */,
				2043E14726F9EA0C00FD3667 /* GH_AppTests */,
				2043E15226F9EA0C00FD3667 /* GH_AppUITests */,
				2043E12F26F9EA0B00FD3667 /* Products */,
				70BE9703F52697B8673F9B08 /* Pods */,
				186C7D1FC3C34EBA292DBB53 /* Frameworks */,
			);
			sourceTree = "<group>";
		};
		2043E12F26F9EA0B00FD3667 /* Products */ = {
			isa = PBXGroup;
			children = (
				2043E12E26F9EA0B00FD3667 /* GH_App.app */,
				2043E14426F9EA0C00FD3667 /* GH_AppTests.xctest */,
				2043E14F26F9EA0C00FD3667 /* GH_AppUITests.xctest */,
			);
			name = Products;
			sourceTree = "<group>";
		};
		2043E13026F9EA0B00FD3667 /* GH_App */ = {
			isa = PBXGroup;
			children = (
				2043E13F26F9EA0C00FD3667 /* Info.plist */,
				2043E13726F9EA0B00FD3667 /* Main.storyboard */,
				2043E17C26F9ED5200FD3667 /* Alerts */,
				2043E16726F9EC0100FD3667 /* ForLoadInfoAPI */,
				2087888526FA252C00C09E9A /* SaveInfoRealm */,
				2043E16226F9EA3F00FD3667 /* VC_AllUsers */,
				2043E17526F9ECF000FD3667 /* VC_User */,
				2043E16126F9EA1A00FD3667 /* Other */,
			);
			path = GH_App;
			sourceTree = "<group>";
		};
		2043E14726F9EA0C00FD3667 /* GH_AppTests */ = {
			isa = PBXGroup;
			children = (
				2043E14826F9EA0C00FD3667 /* GH_AppTests.swift */,
				2043E14A26F9EA0C00FD3667 /* Info.plist */,
			);
			path = GH_AppTests;
			sourceTree = "<group>";
		};
		2043E15226F9EA0C00FD3667 /* GH_AppUITests */ = {
			isa = PBXGroup;
			children = (
				2043E15326F9EA0C00FD3667 /* GH_AppUITests.swift */,
				2043E15526F9EA0C00FD3667 /* Info.plist */,
			);
			path = GH_AppUITests;
			sourceTree = "<group>";
		};
		2043E16126F9EA1A00FD3667 /* Other */ = {
			isa = PBXGroup;
			children = (
				2043E13126F9EA0B00FD3667 /* AppDelegate.swift */,
				2043E13326F9EA0B00FD3667 /* SceneDelegate.swift */,
				2043E13A26F9EA0C00FD3667 /* Assets.xcassets */,
				2043E13C26F9EA0C00FD3667 /* LaunchScreen.storyboard */,
			);
			path = Other;
			sourceTree = "<group>";
		};
		2043E16226F9EA3F00FD3667 /* VC_AllUsers */ = {
			isa = PBXGroup;
			children = (
				20A9B164271C199C003C4268 /* FunctionsVC */,
				2043E13526F9EA0B00FD3667 /* AllUsersViewController.swift */,
				2043E16326F9EA5800FD3667 /* AllUsersViewModel.swift */,
				2043E17A26F9ED4100FD3667 /* AllUsersTableViewCell.swift */,
			);
			path = VC_AllUsers;
			sourceTree = "<group>";
		};
		2043E16726F9EC0100FD3667 /* ForLoadInfoAPI */ = {
			isa = PBXGroup;
			children = (
				2043E16826F9EC2400FD3667 /* AllURLs.swift */,
				20A9B16E271C29CF003C4268 /* CheckConnect.swift */,
				2043E16A26F9EC3700FD3667 /* AllStructs */,
				2043E16F26F9EC9700FD3667 /* AllLoaders */,
			);
			path = ForLoadInfoAPI;
			sourceTree = "<group>";
		};
		2043E16A26F9EC3700FD3667 /* AllStructs */ = {
			isa = PBXGroup;
			children = (
				2043E16B26F9EC7700FD3667 /* AllUsersStruct.swift */,
				206AAEB726FF15610003DD5E /* SearchUsersStruct.swift */,
				2043E16D26F9EC8200FD3667 /* UserStruct.swift */,
				2087883F26FA1B4C00C09E9A /* RepoStruct.swift */,
			);
			path = AllStructs;
			sourceTree = "<group>";
		};
		2043E16F26F9EC9700FD3667 /* AllLoaders */ = {
			isa = PBXGroup;
			children = (
				2043E17126F9ECBD00FD3667 /* AllUsersLoader.swift */,
				206AAEB926FF15F60003DD5E /* SearchResultsLoader.swift */,
				2043E17326F9ECC800FD3667 /* UserLoader.swift */,
				2087887F26FA210800C09E9A /* RepoLoader.swift */,
				2087889626FA321200C09E9A /* AvatarLoader.swift */,
			);
			path = AllLoaders;
			sourceTree = "<group>";
		};
		2043E17526F9ECF000FD3667 /* VC_User */ = {
			isa = PBXGroup;
			children = (
				2043E17826F9ED1300FD3667 /* UserViewController.swift */,
				2043E17626F9ED0900FD3667 /* UserViewModel.swift */,
				2043E17F26F9F7B000FD3667 /* UserReposTableViewCell.swift */,
				206AAEBF270706CE0003DD5E /* Formatter.swift */,
			);
			path = VC_User;
			sourceTree = "<group>";
		};
		2043E17C26F9ED5200FD3667 /* Alerts */ = {
			isa = PBXGroup;
			children = (
				2043E17D26F9ED6D00FD3667 /* Main_VC_Alerts.swift */,
			);
			path = Alerts;
			sourceTree = "<group>";
		};
		2087888526FA252C00C09E9A /* SaveInfoRealm */ = {
			isa = PBXGroup;
			children = (
				2087888626FA255500C09E9A /* Objects */,
				2087889326FA261100C09E9A /* Operations */,
			);
			path = SaveInfoRealm;
			sourceTree = "<group>";
		};
		2087888626FA255500C09E9A /* Objects */ = {
			isa = PBXGroup;
			children = (
				2087888726FA259400C09E9A /* AllUsersObj.swift */,
			);
			path = Objects;
			sourceTree = "<group>";
		};
		2087889326FA261100C09E9A /* Operations */ = {
			isa = PBXGroup;
			children = (
				2087888D26FA25D300C09E9A /* SaveInfoToRealm.swift */,
				2087889126FA260200C09E9A /* ReturnModelsDB.swift */,
				2087888F26FA25E700C09E9A /* RemoveOldInfo.swift */,
			);
			path = Operations;
			sourceTree = "<group>";
		};
		20A9B164271C199C003C4268 /* FunctionsVC */ = {
			isa = PBXGroup;
			children = (
				20A9B165271C19B6003C4268 /* CheckDataBase.swift */,
				20A9B167271C1B8E003C4268 /* RxMotions.swift */,
				20A9B170271C2A27003C4268 /* ConnectionActions.swift */,
			);
			path = FunctionsVC;
			sourceTree = "<group>";
		};
		70BE9703F52697B8673F9B08 /* Pods */ = {
			isa = PBXGroup;
			children = (
				753C00095681B8A0B89FA714 /* Pods-GH_App.debug.xcconfig */,
				F551BA2F9CBDBB27C5EF23A4 /* Pods-GH_App.release.xcconfig */,
			);
			path = Pods;
			sourceTree = "<group>";
		};
/* End PBXGroup section */

/* Begin PBXNativeTarget section */
		2043E12D26F9EA0B00FD3667 /* GH_App */ = {
			isa = PBXNativeTarget;
			buildConfigurationList = 2043E15826F9EA0C00FD3667 /* Build configuration list for PBXNativeTarget "GH_App" */;
			buildPhases = (
				B85AD71DF4BB2E9384D3A176 /* [CP] Check Pods Manifest.lock */,
				2043E12A26F9EA0B00FD3667 /* Sources */,
				2043E12B26F9EA0B00FD3667 /* Frameworks */,
				2043E12C26F9EA0B00FD3667 /* Resources */,
				9A7CD144DCCFC290E9809B3E /* [CP] Embed Pods Frameworks */,
			);
			buildRules = (
			);
			dependencies = (
			);
			name = GH_App;
			productName = GH_App;
			productReference = 2043E12E26F9EA0B00FD3667 /* GH_App.app */;
			productType = "com.apple.product-type.application";
		};
		2043E14326F9EA0C00FD3667 /* GH_AppTests */ = {
			isa = PBXNativeTarget;
			buildConfigurationList = 2043E15B26F9EA0C00FD3667 /* Build configuration list for PBXNativeTarget "GH_AppTests" */;
			buildPhases = (
				2043E14026F9EA0C00FD3667 /* Sources */,
				2043E14126F9EA0C00FD3667 /* Frameworks */,
				2043E14226F9EA0C00FD3667 /* Resources */,
			);
			buildRules = (
			);
			dependencies = (
				2043E14626F9EA0C00FD3667 /* PBXTargetDependency */,
			);
			name = GH_AppTests;
			productName = GH_AppTests;
			productReference = 2043E14426F9EA0C00FD3667 /* GH_AppTests.xctest */;
			productType = "com.apple.product-type.bundle.unit-test";
		};
		2043E14E26F9EA0C00FD3667 /* GH_AppUITests */ = {
			isa = PBXNativeTarget;
			buildConfigurationList = 2043E15E26F9EA0C00FD3667 /* Build configuration list for PBXNativeTarget "GH_AppUITests" */;
			buildPhases = (
				2043E14B26F9EA0C00FD3667 /* Sources */,
				2043E14C26F9EA0C00FD3667 /* Frameworks */,
				2043E14D26F9EA0C00FD3667 /* Resources */,
			);
			buildRules = (
			);
			dependencies = (
				2043E15126F9EA0C00FD3667 /* PBXTargetDependency */,
			);
			name = GH_AppUITests;
			productName = GH_AppUITests;
			productReference = 2043E14F26F9EA0C00FD3667 /* GH_AppUITests.xctest */;
			productType = "com.apple.product-type.bundle.ui-testing";
		};
/* End PBXNativeTarget section */

/* Begin PBXProject section */
		2043E12626F9EA0B00FD3667 /* Project object */ = {
			isa = PBXProject;
			attributes = {
				LastSwiftUpdateCheck = 1250;
				LastUpgradeCheck = 1250;
				TargetAttributes = {
					2043E12D26F9EA0B00FD3667 = {
						CreatedOnToolsVersion = 12.5.1;
					};
					2043E14326F9EA0C00FD3667 = {
						CreatedOnToolsVersion = 12.5.1;
						TestTargetID = 2043E12D26F9EA0B00FD3667;
					};
					2043E14E26F9EA0C00FD3667 = {
						CreatedOnToolsVersion = 12.5.1;
						TestTargetID = 2043E12D26F9EA0B00FD3667;
					};
				};
			};
			buildConfigurationList = 2043E12926F9EA0B00FD3667 /* Build configuration list for PBXProject "GH_App" */;
			compatibilityVersion = "Xcode 9.3";
			developmentRegion = en;
			hasScannedForEncodings = 0;
			knownRegions = (
				en,
				Base,
			);
			mainGroup = 2043E12526F9EA0B00FD3667;
			productRefGroup = 2043E12F26F9EA0B00FD3667 /* Products */;
			projectDirPath = "";
			projectRoot = "";
			targets = (
				2043E12D26F9EA0B00FD3667 /* GH_App */,
				2043E14326F9EA0C00FD3667 /* GH_AppTests */,
				2043E14E26F9EA0C00FD3667 /* GH_AppUITests */,
			);
		};
/* End PBXProject section */

/* Begin PBXResourcesBuildPhase section */
		2043E12C26F9EA0B00FD3667 /* Resources */ = {
			isa = PBXResourcesBuildPhase;
			buildActionMask = 2147483647;
			files = (
				2043E13E26F9EA0C00FD3667 /* LaunchScreen.storyboard in Resources */,
				2043E13B26F9EA0C00FD3667 /* Assets.xcassets in Resources */,
				2043E13926F9EA0B00FD3667 /* Main.storyboard in Resources */,
			);
			runOnlyForDeploymentPostprocessing = 0;
		};
		2043E14226F9EA0C00FD3667 /* Resources */ = {
			isa = PBXResourcesBuildPhase;
			buildActionMask = 2147483647;
			files = (
			);
			runOnlyForDeploymentPostprocessing = 0;
		};
		2043E14D26F9EA0C00FD3667 /* Resources */ = {
			isa = PBXResourcesBuildPhase;
			buildActionMask = 2147483647;
			files = (
			);
			runOnlyForDeploymentPostprocessing = 0;
		};
/* End PBXResourcesBuildPhase section */

/* Begin PBXShellScriptBuildPhase section */
		9A7CD144DCCFC290E9809B3E /* [CP] Embed Pods Frameworks */ = {
			isa = PBXShellScriptBuildPhase;
			buildActionMask = 2147483647;
			files = (
			);
			inputFileListPaths = (
				"${PODS_ROOT}/Target Support Files/Pods-GH_App/Pods-GH_App-frameworks-${CONFIGURATION}-input-files.xcfilelist",
			);
			name = "[CP] Embed Pods Frameworks";
			outputFileListPaths = (
				"${PODS_ROOT}/Target Support Files/Pods-GH_App/Pods-GH_App-frameworks-${CONFIGURATION}-output-files.xcfilelist",
			);
			runOnlyForDeploymentPostprocessing = 0;
			shellPath = /bin/sh;
			shellScript = "\"${PODS_ROOT}/Target Support Files/Pods-GH_App/Pods-GH_App-frameworks.sh\"\n";
			showEnvVarsInLog = 0;
		};
		B85AD71DF4BB2E9384D3A176 /* [CP] Check Pods Manifest.lock */ = {
			isa = PBXShellScriptBuildPhase;
			buildActionMask = 2147483647;
			files = (
			);
			inputFileListPaths = (
			);
			inputPaths = (
				"${PODS_PODFILE_DIR_PATH}/Podfile.lock",
				"${PODS_ROOT}/Manifest.lock",
			);
			name = "[CP] Check Pods Manifest.lock";
			outputFileListPaths = (
			);
			outputPaths = (
				"$(DERIVED_FILE_DIR)/Pods-GH_App-checkManifestLockResult.txt",
			);
			runOnlyForDeploymentPostprocessing = 0;
			shellPath = /bin/sh;
			shellScript = "diff \"${PODS_PODFILE_DIR_PATH}/Podfile.lock\" \"${PODS_ROOT}/Manifest.lock\" > /dev/null\nif [ $? != 0 ] ; then\n    # print error to STDERR\n    echo \"error: The sandbox is not in sync with the Podfile.lock. Run 'pod install' or update your CocoaPods installation.\" >&2\n    exit 1\nfi\n# This output is used by Xcode 'outputs' to avoid re-running this script phase.\necho \"SUCCESS\" > \"${SCRIPT_OUTPUT_FILE_0}\"\n";
			showEnvVarsInLog = 0;
		};
/* End PBXShellScriptBuildPhase section */

/* Begin PBXSourcesBuildPhase section */
		2043E12A26F9EA0B00FD3667 /* Sources */ = {
			isa = PBXSourcesBuildPhase;
			buildActionMask = 2147483647;
			files = (
				2043E13626F9EA0B00FD3667 /* AllUsersViewController.swift in Sources */,
				2087889726FA321200C09E9A /* AvatarLoader.swift in Sources */,
				2087888E26FA25D300C09E9A /* SaveInfoToRealm.swift in Sources */,
				2043E17E26F9ED6D00FD3667 /* Main_VC_Alerts.swift in Sources */,
				2043E17226F9ECBD00FD3667 /* AllUsersLoader.swift in Sources */,
				2043E16C26F9EC7700FD3667 /* AllUsersStruct.swift in Sources */,
				206AAEC0270706CE0003DD5E /* Formatter.swift in Sources */,
				2043E18026F9F7B000FD3667 /* UserReposTableViewCell.swift in Sources */,
				2043E17926F9ED1300FD3667 /* UserViewController.swift in Sources */,
				2043E17B26F9ED4100FD3667 /* AllUsersTableViewCell.swift in Sources */,
				2087889226FA260200C09E9A /* ReturnModelsDB.swift in Sources */,
				2043E17726F9ED0900FD3667 /* UserViewModel.swift in Sources */,
				2087888026FA210800C09E9A /* RepoLoader.swift in Sources */,
				20A9B168271C1B8E003C4268 /* RxMotions.swift in Sources */,
				206AAEB826FF15610003DD5E /* SearchUsersStruct.swift in Sources */,
				2043E16926F9EC2400FD3667 /* AllURLs.swift in Sources */,
				2087888826FA259400C09E9A /* AllUsersObj.swift in Sources */,
				206AAEBA26FF15F60003DD5E /* SearchResultsLoader.swift in Sources */,
				2043E13226F9EA0B00FD3667 /* AppDelegate.swift in Sources */,
				20A9B16F271C29CF003C4268 /* CheckConnect.swift in Sources */,
				2043E16E26F9EC8200FD3667 /* UserStruct.swift in Sources */,
				2043E17426F9ECC800FD3667 /* UserLoader.swift in Sources */,
				2043E16426F9EA5800FD3667 /* AllUsersViewModel.swift in Sources */,
				2087884026FA1B4C00C09E9A /* RepoStruct.swift in Sources */,
				2043E13426F9EA0B00FD3667 /* SceneDelegate.swift in Sources */,
				20A9B166271C19B6003C4268 /* CheckDataBase.swift in Sources */,
				2087889026FA25E700C09E9A /* RemoveOldInfo.swift in Sources */,
				20A9B171271C2A27003C4268 /* ConnectionActions.swift in Sources */,
			);
			runOnlyForDeploymentPostprocessing = 0;
		};
		2043E14026F9EA0C00FD3667 /* Sources */ = {
			isa = PBXSourcesBuildPhase;
			buildActionMask = 2147483647;
			files = (
				2043E14926F9EA0C00FD3667 /* GH_AppTests.swift in Sources */,
			);
			runOnlyForDeploymentPostprocessing = 0;
		};
		2043E14B26F9EA0C00FD3667 /* Sources */ = {
			isa = PBXSourcesBuildPhase;
			buildActionMask = 2147483647;
			files = (
				2043E15426F9EA0C00FD3667 /* GH_AppUITests.swift in Sources */,
			);
			runOnlyForDeploymentPostprocessing = 0;
		};
/* End PBXSourcesBuildPhase section */

/* Begin PBXTargetDependency section */
		2043E14626F9EA0C00FD3667 /* PBXTargetDependency */ = {
			isa = PBXTargetDependency;
			target = 2043E12D26F9EA0B00FD3667 /* GH_App */;
			targetProxy = 2043E14526F9EA0C00FD3667 /* PBXContainerItemProxy */;
		};
		2043E15126F9EA0C00FD3667 /* PBXTargetDependency */ = {
			isa = PBXTargetDependency;
			target = 2043E12D26F9EA0B00FD3667 /* GH_App */;
			targetProxy = 2043E15026F9EA0C00FD3667 /* PBXContainerItemProxy */;
		};
/* End PBXTargetDependency section */

/* Begin PBXVariantGroup section */
		2043E13726F9EA0B00FD3667 /* Main.storyboard */ = {
			isa = PBXVariantGroup;
			children = (
				2043E13826F9EA0B00FD3667 /* Base */,
			);
			name = Main.storyboard;
			sourceTree = "<group>";
		};
		2043E13C26F9EA0C00FD3667 /* LaunchScreen.storyboard */ = {
			isa = PBXVariantGroup;
			children = (
				2043E13D26F9EA0C00FD3667 /* Base */,
			);
			name = LaunchScreen.storyboard;
			sourceTree = "<group>";
		};
/* End PBXVariantGroup section */

/* Begin XCBuildConfiguration section */
		2043E15626F9EA0C00FD3667 /* Debug */ = {
			isa = XCBuildConfiguration;
			buildSettings = {
				ALWAYS_SEARCH_USER_PATHS = NO;
				CLANG_ANALYZER_NONNULL = YES;
				CLANG_ANALYZER_NUMBER_OBJECT_CONVERSION = YES_AGGRESSIVE;
				CLANG_CXX_LANGUAGE_STANDARD = "gnu++14";
				CLANG_CXX_LIBRARY = "libc++";
				CLANG_ENABLE_MODULES = YES;
				CLANG_ENABLE_OBJC_ARC = YES;
				CLANG_ENABLE_OBJC_WEAK = YES;
				CLANG_WARN_BLOCK_CAPTURE_AUTORELEASING = YES;
				CLANG_WARN_BOOL_CONVERSION = YES;
				CLANG_WARN_COMMA = YES;
				CLANG_WARN_CONSTANT_CONVERSION = YES;
				CLANG_WARN_DEPRECATED_OBJC_IMPLEMENTATIONS = YES;
				CLANG_WARN_DIRECT_OBJC_ISA_USAGE = YES_ERROR;
				CLANG_WARN_DOCUMENTATION_COMMENTS = YES;
				CLANG_WARN_EMPTY_BODY = YES;
				CLANG_WARN_ENUM_CONVERSION = YES;
				CLANG_WARN_INFINITE_RECURSION = YES;
				CLANG_WARN_INT_CONVERSION = YES;
				CLANG_WARN_NON_LITERAL_NULL_CONVERSION = YES;
				CLANG_WARN_OBJC_IMPLICIT_RETAIN_SELF = YES;
				CLANG_WARN_OBJC_LITERAL_CONVERSION = YES;
				CLANG_WARN_OBJC_ROOT_CLASS = YES_ERROR;
				CLANG_WARN_QUOTED_INCLUDE_IN_FRAMEWORK_HEADER = YES;
				CLANG_WARN_RANGE_LOOP_ANALYSIS = YES;
				CLANG_WARN_STRICT_PROTOTYPES = YES;
				CLANG_WARN_SUSPICIOUS_MOVE = YES;
				CLANG_WARN_UNGUARDED_AVAILABILITY = YES_AGGRESSIVE;
				CLANG_WARN_UNREACHABLE_CODE = YES;
				CLANG_WARN__DUPLICATE_METHOD_MATCH = YES;
				COPY_PHASE_STRIP = NO;
				DEBUG_INFORMATION_FORMAT = dwarf;
				ENABLE_STRICT_OBJC_MSGSEND = YES;
				ENABLE_TESTABILITY = YES;
				GCC_C_LANGUAGE_STANDARD = gnu11;
				GCC_DYNAMIC_NO_PIC = NO;
				GCC_NO_COMMON_BLOCKS = YES;
				GCC_OPTIMIZATION_LEVEL = 0;
				GCC_PREPROCESSOR_DEFINITIONS = (
					"DEBUG=1",
					"$(inherited)",
				);
				GCC_WARN_64_TO_32_BIT_CONVERSION = YES;
				GCC_WARN_ABOUT_RETURN_TYPE = YES_ERROR;
				GCC_WARN_UNDECLARED_SELECTOR = YES;
				GCC_WARN_UNINITIALIZED_AUTOS = YES_AGGRESSIVE;
				GCC_WARN_UNUSED_FUNCTION = YES;
				GCC_WARN_UNUSED_VARIABLE = YES;
				IPHONEOS_DEPLOYMENT_TARGET = 14.5;
				MTL_ENABLE_DEBUG_INFO = INCLUDE_SOURCE;
				MTL_FAST_MATH = YES;
				ONLY_ACTIVE_ARCH = YES;
				SDKROOT = iphoneos;
				SWIFT_ACTIVE_COMPILATION_CONDITIONS = DEBUG;
				SWIFT_OPTIMIZATION_LEVEL = "-Onone";
			};
			name = Debug;
		};
		2043E15726F9EA0C00FD3667 /* Release */ = {
			isa = XCBuildConfiguration;
			buildSettings = {
				ALWAYS_SEARCH_USER_PATHS = NO;
				CLANG_ANALYZER_NONNULL = YES;
				CLANG_ANALYZER_NUMBER_OBJECT_CONVERSION = YES_AGGRESSIVE;
				CLANG_CXX_LANGUAGE_STANDARD = "gnu++14";
				CLANG_CXX_LIBRARY = "libc++";
				CLANG_ENABLE_MODULES = YES;
				CLANG_ENABLE_OBJC_ARC = YES;
				CLANG_ENABLE_OBJC_WEAK = YES;
				CLANG_WARN_BLOCK_CAPTURE_AUTORELEASING = YES;
				CLANG_WARN_BOOL_CONVERSION = YES;
				CLANG_WARN_COMMA = YES;
				CLANG_WARN_CONSTANT_CONVERSION = YES;
				CLANG_WARN_DEPRECATED_OBJC_IMPLEMENTATIONS = YES;
				CLANG_WARN_DIRECT_OBJC_ISA_USAGE = YES_ERROR;
				CLANG_WARN_DOCUMENTATION_COMMENTS = YES;
				CLANG_WARN_EMPTY_BODY = YES;
				CLANG_WARN_ENUM_CONVERSION = YES;
				CLANG_WARN_INFINITE_RECURSION = YES;
				CLANG_WARN_INT_CONVERSION = YES;
				CLANG_WARN_NON_LITERAL_NULL_CONVERSION = YES;
				CLANG_WARN_OBJC_IMPLICIT_RETAIN_SELF = YES;
				CLANG_WARN_OBJC_LITERAL_CONVERSION = YES;
				CLANG_WARN_OBJC_ROOT_CLASS = YES_ERROR;
				CLANG_WARN_QUOTED_INCLUDE_IN_FRAMEWORK_HEADER = YES;
				CLANG_WARN_RANGE_LOOP_ANALYSIS = YES;
				CLANG_WARN_STRICT_PROTOTYPES = YES;
				CLANG_WARN_SUSPICIOUS_MOVE = YES;
				CLANG_WARN_UNGUARDED_AVAILABILITY = YES_AGGRESSIVE;
				CLANG_WARN_UNREACHABLE_CODE = YES;
				CLANG_WARN__DUPLICATE_METHOD_MATCH = YES;
				COPY_PHASE_STRIP = NO;
				DEBUG_INFORMATION_FORMAT = "dwarf-with-dsym";
				ENABLE_NS_ASSERTIONS = NO;
				ENABLE_STRICT_OBJC_MSGSEND = YES;
				GCC_C_LANGUAGE_STANDARD = gnu11;
				GCC_NO_COMMON_BLOCKS = YES;
				GCC_WARN_64_TO_32_BIT_CONVERSION = YES;
				GCC_WARN_ABOUT_RETURN_TYPE = YES_ERROR;
				GCC_WARN_UNDECLARED_SELECTOR = YES;
				GCC_WARN_UNINITIALIZED_AUTOS = YES_AGGRESSIVE;
				GCC_WARN_UNUSED_FUNCTION = YES;
				GCC_WARN_UNUSED_VARIABLE = YES;
				IPHONEOS_DEPLOYMENT_TARGET = 14.5;
				MTL_ENABLE_DEBUG_INFO = NO;
				MTL_FAST_MATH = YES;
				SDKROOT = iphoneos;
				SWIFT_COMPILATION_MODE = wholemodule;
				SWIFT_OPTIMIZATION_LEVEL = "-O";
				VALIDATE_PRODUCT = YES;
			};
			name = Release;
		};
		2043E15926F9EA0C00FD3667 /* Debug */ = {
			isa = XCBuildConfiguration;
			baseConfigurationReference = 753C00095681B8A0B89FA714 /* Pods-GH_App.debug.xcconfig */;
			buildSettings = {
				ASSETCATALOG_COMPILER_APPICON_NAME = AppIcon;
				ASSETCATALOG_COMPILER_GLOBAL_ACCENT_COLOR_NAME = AccentColor;
				CODE_SIGN_STYLE = Automatic;
				DEVELOPMENT_TEAM = 22UF6659H5;
				INFOPLIST_FILE = GH_App/Info.plist;
				LD_RUNPATH_SEARCH_PATHS = (
					"$(inherited)",
					"@executable_path/Frameworks",
				);
				PRODUCT_BUNDLE_IDENTIFIER = "lizaRog.GH-App";
				PRODUCT_NAME = "$(TARGET_NAME)";
				SWIFT_VERSION = 5.0;
				TARGETED_DEVICE_FAMILY = "1,2";
			};
			name = Debug;
		};
		2043E15A26F9EA0C00FD3667 /* Release */ = {
			isa = XCBuildConfiguration;
			baseConfigurationReference = F551BA2F9CBDBB27C5EF23A4 /* Pods-GH_App.release.xcconfig */;
			buildSettings = {
				ASSETCATALOG_COMPILER_APPICON_NAME = AppIcon;
				ASSETCATALOG_COMPILER_GLOBAL_ACCENT_COLOR_NAME = AccentColor;
				CODE_SIGN_STYLE = Automatic;
				DEVELOPMENT_TEAM = 22UF6659H5;
				INFOPLIST_FILE = GH_App/Info.plist;
				LD_RUNPATH_SEARCH_PATHS = (
					"$(inherited)",
					"@executable_path/Frameworks",
				);
				PRODUCT_BUNDLE_IDENTIFIER = "lizaRog.GH-App";
				PRODUCT_NAME = "$(TARGET_NAME)";
				SWIFT_VERSION = 5.0;
				TARGETED_DEVICE_FAMILY = "1,2";
			};
			name = Release;
		};
		2043E15C26F9EA0C00FD3667 /* Debug */ = {
			isa = XCBuildConfiguration;
			buildSettings = {
				ALWAYS_EMBED_SWIFT_STANDARD_LIBRARIES = YES;
				BUNDLE_LOADER = "$(TEST_HOST)";
				CODE_SIGN_STYLE = Automatic;
				DEVELOPMENT_TEAM = 22UF6659H5;
				INFOPLIST_FILE = GH_AppTests/Info.plist;
				IPHONEOS_DEPLOYMENT_TARGET = 14.5;
				LD_RUNPATH_SEARCH_PATHS = (
					"$(inherited)",
					"@executable_path/Frameworks",
					"@loader_path/Frameworks",
				);
				PRODUCT_BUNDLE_IDENTIFIER = "lizaRog.GH-AppTests";
				PRODUCT_NAME = "$(TARGET_NAME)";
				SWIFT_VERSION = 5.0;
				TARGETED_DEVICE_FAMILY = "1,2";
				TEST_HOST = "$(BUILT_PRODUCTS_DIR)/GH_App.app/GH_App";
			};
			name = Debug;
		};
		2043E15D26F9EA0C00FD3667 /* Release */ = {
			isa = XCBuildConfiguration;
			buildSettings = {
				ALWAYS_EMBED_SWIFT_STANDARD_LIBRARIES = YES;
				BUNDLE_LOADER = "$(TEST_HOST)";
				CODE_SIGN_STYLE = Automatic;
				DEVELOPMENT_TEAM = 22UF6659H5;
				INFOPLIST_FILE = GH_AppTests/Info.plist;
				IPHONEOS_DEPLOYMENT_TARGET = 14.5;
				LD_RUNPATH_SEARCH_PATHS = (
					"$(inherited)",
					"@executable_path/Frameworks",
					"@loader_path/Frameworks",
				);
				PRODUCT_BUNDLE_IDENTIFIER = "lizaRog.GH-AppTests";
				PRODUCT_NAME = "$(TARGET_NAME)";
				SWIFT_VERSION = 5.0;
				TARGETED_DEVICE_FAMILY = "1,2";
				TEST_HOST = "$(BUILT_PRODUCTS_DIR)/GH_App.app/GH_App";
			};
			name = Release;
		};
		2043E15F26F9EA0C00FD3667 /* Debug */ = {
			isa = XCBuildConfiguration;
			buildSettings = {
				ALWAYS_EMBED_SWIFT_STANDARD_LIBRARIES = YES;
				CODE_SIGN_STYLE = Automatic;
				DEVELOPMENT_TEAM = 22UF6659H5;
				INFOPLIST_FILE = GH_AppUITests/Info.plist;
				LD_RUNPATH_SEARCH_PATHS = (
					"$(inherited)",
					"@executable_path/Frameworks",
					"@loader_path/Frameworks",
				);
				PRODUCT_BUNDLE_IDENTIFIER = "lizaRog.GH-AppUITests";
				PRODUCT_NAME = "$(TARGET_NAME)";
				SWIFT_VERSION = 5.0;
				TARGETED_DEVICE_FAMILY = "1,2";
				TEST_TARGET_NAME = GH_App;
			};
			name = Debug;
		};
		2043E16026F9EA0C00FD3667 /* Release */ = {
			isa = XCBuildConfiguration;
			buildSettings = {
				ALWAYS_EMBED_SWIFT_STANDARD_LIBRARIES = YES;
				CODE_SIGN_STYLE = Automatic;
				DEVELOPMENT_TEAM = 22UF6659H5;
				INFOPLIST_FILE = GH_AppUITests/Info.plist;
				LD_RUNPATH_SEARCH_PATHS = (
					"$(inherited)",
					"@executable_path/Frameworks",
					"@loader_path/Frameworks",
				);
				PRODUCT_BUNDLE_IDENTIFIER = "lizaRog.GH-AppUITests";
				PRODUCT_NAME = "$(TARGET_NAME)";
				SWIFT_VERSION = 5.0;
				TARGETED_DEVICE_FAMILY = "1,2";
				TEST_TARGET_NAME = GH_App;
			};
			name = Release;
		};
/* End XCBuildConfiguration section */

/* Begin XCConfigurationList section */
		2043E12926F9EA0B00FD3667 /* Build configuration list for PBXProject "GH_App" */ = {
			isa = XCConfigurationList;
			buildConfigurations = (
				2043E15626F9EA0C00FD3667 /* Debug */,
				2043E15726F9EA0C00FD3667 /* Release */,
			);
			defaultConfigurationIsVisible = 0;
			defaultConfigurationName = Release;
		};
		2043E15826F9EA0C00FD3667 /* Build configuration list for PBXNativeTarget "GH_App" */ = {
			isa = XCConfigurationList;
			buildConfigurations = (
				2043E15926F9EA0C00FD3667 /* Debug */,
				2043E15A26F9EA0C00FD3667 /* Release */,
			);
			defaultConfigurationIsVisible = 0;
			defaultConfigurationName = Release;
		};
		2043E15B26F9EA0C00FD3667 /* Build configuration list for PBXNativeTarget "GH_AppTests" */ = {
			isa = XCConfigurationList;
			buildConfigurations = (
				2043E15C26F9EA0C00FD3667 /* Debug */,
				2043E15D26F9EA0C00FD3667 /* Release */,
			);
			defaultConfigurationIsVisible = 0;
			defaultConfigurationName = Release;
		};
		2043E15E26F9EA0C00FD3667 /* Build configuration list for PBXNativeTarget "GH_AppUITests" */ = {
			isa = XCConfigurationList;
			buildConfigurations = (
				2043E15F26F9EA0C00FD3667 /* Debug */,
				2043E16026F9EA0C00FD3667 /* Release */,
			);
			defaultConfigurationIsVisible = 0;
			defaultConfigurationName = Release;
		};
/* End XCConfigurationList section */
	};
	rootObject = 2043E12626F9EA0B00FD3667 /* Project object */;
}
